
Microsoft Visual Studio Solution File, Format Version 12.00
# Visual Studio 15
VisualStudioVersion = 15.0.28307.168
MinimumVisualStudioVersion = 10.0.40219.1
Project("{FAE04EC0-301F-11D3-BF4B-00C04F79EFBC}") = "SelfInstallingWindowsServiceCSharp", "SelfInstallingWindowsServiceCSharp\SelfInstallingWindowsServiceCSharp.csproj", "{7BEF9028-D5C3-4C90-9673-EC123DAED944}"
EndProject
Global
	GlobalSection(SolutionConfigurationPlatforms) = preSolution
		Debug|Any CPU = Debug|Any CPU
		Release|Any CPU = Release|Any CPU
	EndGlobalSection
	GlobalSection(ProjectConfigurationPlatforms) = postSolution
		{7BEF9028-D5C3-4C90-9673-EC123DAED944}.Debug|Any CPU.ActiveCfg = Debug|Any CPU
		{7BEF9028-D5C3-4C90-9673-EC123DAED944}.Debug|Any CPU.Build.0 = Debug|Any CPU
		{7BEF9028-D5C3-4C90-9673-EC123DAED944}.Release|Any CPU.ActiveCfg = Release|Any CPU
		{7BEF9028-D5C3-4C90-9673-EC123DAED944}.Release|Any CPU.Build.0 = Release|Any CPU
	EndGlobalSection
	GlobalSection(SolutionProperties) = preSolution
		HideSolutionNode = FALSE
	EndGlobalSection
	GlobalSection(ExtensibilityGlobals) = postSolution
		SolutionGuid = {B231BBAC-CFD8-47C2-8044-F0B04D078530}
	EndGlobalSection
EndGlobal
